
Microsoft Visual Studio Solution File, Format Version 12.00
# Visual Studio 2012
Project("{FAE04EC0-301F-11D3-BF4B-00C04F79EFBC}") = "DA-QLTC", "DA-QLTC\DA-QLTC.csproj", "{1705C317-6E64-4AA1-93E7-A5E2671DB206}"
EndProject
Global
	GlobalSection(SolutionConfigurationPlatforms) = preSolution
		Debug|Any CPU = Debug|Any CPU
		Release|Any CPU = Release|Any CPU
	EndGlobalSection
	GlobalSection(ProjectConfigurationPlatforms) = postSolution
		{1705C317-6E64-4AA1-93E7-A5E2671DB206}.Debug|Any CPU.ActiveCfg = Debug|Any CPU
		{1705C317-6E64-4AA1-93E7-A5E2671DB206}.Debug|Any CPU.Build.0 = Debug|Any CPU
		{1705C317-6E64-4AA1-93E7-A5E2671DB206}.Release|Any CPU.ActiveCfg = Release|Any CPU
		{1705C317-6E64-4AA1-93E7-A5E2671DB206}.Release|Any CPU.Build.0 = Release|Any CPU
	EndGlobalSection
	GlobalSection(SolutionProperties) = preSolution
		HideSolutionNode = FALSE
	EndGlobalSection
EndGlobal
